
Microsoft Visual Studio Solution File, Format Version 12.00
# Visual Studio 2012
Project("{FAE04EC0-301F-11D3-BF4B-00C04F79EFBC}") = "VizLab.Data", "VizLab.Data\VizLab.Data.csproj", "{D08F9FF3-3C20-4DF2-845B-A9E8CB54E890}"
EndProject
Project("{FAE04EC0-301F-11D3-BF4B-00C04F79EFBC}") = "VizLab.Web", "VizLab.Web\VizLab.Web.csproj", "{F6B0CC2A-FAF2-4248-9039-C6456F6EAEB0}"
EndProject
Global
	GlobalSection(SolutionConfigurationPlatforms) = preSolution
		Debug|Any CPU = Debug|Any CPU
		Release|Any CPU = Release|Any CPU
	EndGlobalSection
	GlobalSection(ProjectConfigurationPlatforms) = postSolution
		{D08F9FF3-3C20-4DF2-845B-A9E8CB54E890}.Debug|Any CPU.ActiveCfg = Debug|Any CPU
		{D08F9FF3-3C20-4DF2-845B-A9E8CB54E890}.Debug|Any CPU.Build.0 = Debug|Any CPU
		{D08F9FF3-3C20-4DF2-845B-A9E8CB54E890}.Release|Any CPU.ActiveCfg = Release|Any CPU
		{D08F9FF3-3C20-4DF2-845B-A9E8CB54E890}.Release|Any CPU.Build.0 = Release|Any CPU
		{F6B0CC2A-FAF2-4248-9039-C6456F6EAEB0}.Debug|Any CPU.ActiveCfg = Debug|Any CPU
		{F6B0CC2A-FAF2-4248-9039-C6456F6EAEB0}.Debug|Any CPU.Build.0 = Debug|Any CPU
		{F6B0CC2A-FAF2-4248-9039-C6456F6EAEB0}.Release|Any CPU.ActiveCfg = Release|Any CPU
		{F6B0CC2A-FAF2-4248-9039-C6456F6EAEB0}.Release|Any CPU.Build.0 = Release|Any CPU
	EndGlobalSection
	GlobalSection(SolutionProperties) = preSolution
		HideSolutionNode = FALSE
	EndGlobalSection
EndGlobal
